
Microsoft Visual Studio Solution File, Format Version 12.00
# Visual Studio Version 16
VisualStudioVersion = 16.0.29209.152
MinimumVisualStudioVersion = 10.0.40219.1
Project("{9A19103F-16F7-4668-BE54-9A1E7A4F7556}") = "motor", "motor\motor.csproj", "{7772208C-8767-46A3-950C-ECD497227F65}"
EndProject
Project("{9A19103F-16F7-4668-BE54-9A1E7A4F7556}") = "hello-world", "hello-world\hello-world.csproj", "{E754038A-C3E9-41C7-91AA-A6E152752DF5}"
EndProject
Project("{9A19103F-16F7-4668-BE54-9A1E7A4F7556}") = "display", "display\display.csproj", "{FCCA6AB0-DF47-4173-B22C-CACCA4685928}"
EndProject
Project("{9A19103F-16F7-4668-BE54-9A1E7A4F7556}") = "temperature", "temperature\temperature.csproj", "{893AF98E-C49C-4A09-9593-C3532ADA9C37}"
EndProject
Global
	GlobalSection(SolutionConfigurationPlatforms) = preSolution
		Debug|Any CPU = Debug|Any CPU
		Release|Any CPU = Release|Any CPU
	EndGlobalSection
	GlobalSection(ProjectConfigurationPlatforms) = postSolution
		{7772208C-8767-46A3-950C-ECD497227F65}.Debug|Any CPU.ActiveCfg = Debug|Any CPU
		{7772208C-8767-46A3-950C-ECD497227F65}.Debug|Any CPU.Build.0 = Debug|Any CPU
		{7772208C-8767-46A3-950C-ECD497227F65}.Release|Any CPU.ActiveCfg = Release|Any CPU
		{7772208C-8767-46A3-950C-ECD497227F65}.Release|Any CPU.Build.0 = Release|Any CPU
		{E754038A-C3E9-41C7-91AA-A6E152752DF5}.Debug|Any CPU.ActiveCfg = Debug|Any CPU
		{E754038A-C3E9-41C7-91AA-A6E152752DF5}.Debug|Any CPU.Build.0 = Debug|Any CPU
		{E754038A-C3E9-41C7-91AA-A6E152752DF5}.Release|Any CPU.ActiveCfg = Release|Any CPU
		{E754038A-C3E9-41C7-91AA-A6E152752DF5}.Release|Any CPU.Build.0 = Release|Any CPU
		{FCCA6AB0-DF47-4173-B22C-CACCA4685928}.Debug|Any CPU.ActiveCfg = Debug|Any CPU
		{FCCA6AB0-DF47-4173-B22C-CACCA4685928}.Debug|Any CPU.Build.0 = Debug|Any CPU
		{FCCA6AB0-DF47-4173-B22C-CACCA4685928}.Release|Any CPU.ActiveCfg = Release|Any CPU
		{FCCA6AB0-DF47-4173-B22C-CACCA4685928}.Release|Any CPU.Build.0 = Release|Any CPU
		{893AF98E-C49C-4A09-9593-C3532ADA9C37}.Debug|Any CPU.ActiveCfg = Debug|Any CPU
		{893AF98E-C49C-4A09-9593-C3532ADA9C37}.Debug|Any CPU.Build.0 = Debug|Any CPU
		{893AF98E-C49C-4A09-9593-C3532ADA9C37}.Release|Any CPU.ActiveCfg = Release|Any CPU
		{893AF98E-C49C-4A09-9593-C3532ADA9C37}.Release|Any CPU.Build.0 = Release|Any CPU
	EndGlobalSection
	GlobalSection(SolutionProperties) = preSolution
		HideSolutionNode = FALSE
	EndGlobalSection
	GlobalSection(ExtensibilityGlobals) = postSolution
		SolutionGuid = {78F8232C-7B47-4D21-8EB4-7576C2A9065C}
	EndGlobalSection
EndGlobal
